
Microsoft Visual Studio Solution File, Format Version 12.00
# Visual Studio 14
VisualStudioVersion = 14.0.25420.1
MinimumVisualStudioVersion = 10.0.40219.1
Project("{FAE04EC0-301F-11D3-BF4B-00C04F79EFBC}") = "ws", "src\ws\ws.csproj", "{631D3535-FFF8-4536-A309-B9FD437DC9BC}"
EndProject
Project("{FAE04EC0-301F-11D3-BF4B-00C04F79EFBC}") = "utils", "src\utils\utils.csproj", "{F1F24FA6-7698-43D6-832C-B5048DE63218}"
EndProject
Project("{FAE04EC0-301F-11D3-BF4B-00C04F79EFBC}") = "client", "src\client\client.csproj", "{8F0A123B-7465-4604-B1C0-327BECA43913}"
EndProject
Project("{FAE04EC0-301F-11D3-BF4B-00C04F79EFBC}") = "plugin", "src\plugin\plugin.csproj", "{A91AA17B-16AB-4628-8CC9-61824E4AB54B}"
EndProject
Project("{FAE04EC0-301F-11D3-BF4B-00C04F79EFBC}") = "oinqs", "src\plugins\oinqs\oinqs.csproj", "{4F11789F-AF07-445A-BFBE-54C9330E5F70}"
EndProject
Project("{FAE04EC0-301F-11D3-BF4B-00C04F79EFBC}") = "exp_oinqs", "src\experiments\oinqs\exp_oinqs.csproj", "{799B4DF0-0F42-4850-B5F7-CCD481C3A04C}"
EndProject
Project("{FAE04EC0-301F-11D3-BF4B-00C04F79EFBC}") = "gazeproc", "src\gazeproc\gazeproc.csproj", "{C58DF713-6BB7-44E3-B0E2-C52694C85F56}"
EndProject
Project("{2150E333-8FDC-42A3-9474-1A3956D46DE8}") = "plugins", "plugins", "{BFAF99A3-B862-4F27-AAB1-A9998BDDCF21}"
EndProject
Project("{FAE04EC0-301F-11D3-BF4B-00C04F79EFBC}") = "scaler", "src\plugins\scaler\scaler.csproj", "{ACEAAED8-1841-4C65-A03E-678A46456A2F}"
EndProject
Project("{FAE04EC0-301F-11D3-BF4B-00C04F79EFBC}") = "filter", "src\plugins\filter\filter.csproj", "{17AD08C1-5E8C-4E49-9A35-1BF6B7C57377}"
EndProject
Global
	GlobalSection(SolutionConfigurationPlatforms) = preSolution
		Debug|Any CPU = Debug|Any CPU
		Debug|x86 = Debug|x86
		Release|Any CPU = Release|Any CPU
		Release|x86 = Release|x86
	EndGlobalSection
	GlobalSection(ProjectConfigurationPlatforms) = postSolution
		{631D3535-FFF8-4536-A309-B9FD437DC9BC}.Debug|Any CPU.ActiveCfg = Debug|Any CPU
		{631D3535-FFF8-4536-A309-B9FD437DC9BC}.Debug|Any CPU.Build.0 = Debug|Any CPU
		{631D3535-FFF8-4536-A309-B9FD437DC9BC}.Debug|x86.ActiveCfg = Debug|x86
		{631D3535-FFF8-4536-A309-B9FD437DC9BC}.Debug|x86.Build.0 = Debug|x86
		{631D3535-FFF8-4536-A309-B9FD437DC9BC}.Release|Any CPU.ActiveCfg = Release|Any CPU
		{631D3535-FFF8-4536-A309-B9FD437DC9BC}.Release|Any CPU.Build.0 = Release|Any CPU
		{631D3535-FFF8-4536-A309-B9FD437DC9BC}.Release|x86.ActiveCfg = Release|x86
		{631D3535-FFF8-4536-A309-B9FD437DC9BC}.Release|x86.Build.0 = Release|x86
		{F1F24FA6-7698-43D6-832C-B5048DE63218}.Debug|Any CPU.ActiveCfg = Debug|Any CPU
		{F1F24FA6-7698-43D6-832C-B5048DE63218}.Debug|Any CPU.Build.0 = Debug|Any CPU
		{F1F24FA6-7698-43D6-832C-B5048DE63218}.Debug|x86.ActiveCfg = Debug|x86
		{F1F24FA6-7698-43D6-832C-B5048DE63218}.Debug|x86.Build.0 = Debug|x86
		{F1F24FA6-7698-43D6-832C-B5048DE63218}.Release|Any CPU.ActiveCfg = Release|Any CPU
		{F1F24FA6-7698-43D6-832C-B5048DE63218}.Release|Any CPU.Build.0 = Release|Any CPU
		{F1F24FA6-7698-43D6-832C-B5048DE63218}.Release|x86.ActiveCfg = Release|x86
		{F1F24FA6-7698-43D6-832C-B5048DE63218}.Release|x86.Build.0 = Release|x86
		{8F0A123B-7465-4604-B1C0-327BECA43913}.Debug|Any CPU.ActiveCfg = Debug|Any CPU
		{8F0A123B-7465-4604-B1C0-327BECA43913}.Debug|Any CPU.Build.0 = Debug|Any CPU
		{8F0A123B-7465-4604-B1C0-327BECA43913}.Debug|x86.ActiveCfg = Debug|x86
		{8F0A123B-7465-4604-B1C0-327BECA43913}.Debug|x86.Build.0 = Debug|x86
		{8F0A123B-7465-4604-B1C0-327BECA43913}.Release|Any CPU.ActiveCfg = Release|Any CPU
		{8F0A123B-7465-4604-B1C0-327BECA43913}.Release|Any CPU.Build.0 = Release|Any CPU
		{8F0A123B-7465-4604-B1C0-327BECA43913}.Release|x86.ActiveCfg = Release|x86
		{8F0A123B-7465-4604-B1C0-327BECA43913}.Release|x86.Build.0 = Release|x86
		{A91AA17B-16AB-4628-8CC9-61824E4AB54B}.Debug|Any CPU.ActiveCfg = Debug|Any CPU
		{A91AA17B-16AB-4628-8CC9-61824E4AB54B}.Debug|Any CPU.Build.0 = Debug|Any CPU
		{A91AA17B-16AB-4628-8CC9-61824E4AB54B}.Debug|x86.ActiveCfg = Debug|x86
		{A91AA17B-16AB-4628-8CC9-61824E4AB54B}.Debug|x86.Build.0 = Debug|x86
		{A91AA17B-16AB-4628-8CC9-61824E4AB54B}.Release|Any CPU.ActiveCfg = Release|Any CPU
		{A91AA17B-16AB-4628-8CC9-61824E4AB54B}.Release|Any CPU.Build.0 = Release|Any CPU
		{A91AA17B-16AB-4628-8CC9-61824E4AB54B}.Release|x86.ActiveCfg = Release|x86
		{A91AA17B-16AB-4628-8CC9-61824E4AB54B}.Release|x86.Build.0 = Release|x86
		{4F11789F-AF07-445A-BFBE-54C9330E5F70}.Debug|Any CPU.ActiveCfg = Debug|Any CPU
		{4F11789F-AF07-445A-BFBE-54C9330E5F70}.Debug|Any CPU.Build.0 = Debug|Any CPU
		{4F11789F-AF07-445A-BFBE-54C9330E5F70}.Debug|x86.ActiveCfg = Debug|x86
		{4F11789F-AF07-445A-BFBE-54C9330E5F70}.Debug|x86.Build.0 = Debug|x86
		{4F11789F-AF07-445A-BFBE-54C9330E5F70}.Release|Any CPU.ActiveCfg = Release|Any CPU
		{4F11789F-AF07-445A-BFBE-54C9330E5F70}.Release|Any CPU.Build.0 = Release|Any CPU
		{4F11789F-AF07-445A-BFBE-54C9330E5F70}.Release|x86.ActiveCfg = Release|x86
		{4F11789F-AF07-445A-BFBE-54C9330E5F70}.Release|x86.Build.0 = Release|x86
		{799B4DF0-0F42-4850-B5F7-CCD481C3A04C}.Debug|Any CPU.ActiveCfg = Debug|Any CPU
		{799B4DF0-0F42-4850-B5F7-CCD481C3A04C}.Debug|Any CPU.Build.0 = Debug|Any CPU
		{799B4DF0-0F42-4850-B5F7-CCD481C3A04C}.Debug|x86.ActiveCfg = Debug|x86
		{799B4DF0-0F42-4850-B5F7-CCD481C3A04C}.Debug|x86.Build.0 = Debug|x86
		{799B4DF0-0F42-4850-B5F7-CCD481C3A04C}.Release|Any CPU.ActiveCfg = Release|Any CPU
		{799B4DF0-0F42-4850-B5F7-CCD481C3A04C}.Release|Any CPU.Build.0 = Release|Any CPU
		{799B4DF0-0F42-4850-B5F7-CCD481C3A04C}.Release|x86.ActiveCfg = Release|x86
		{799B4DF0-0F42-4850-B5F7-CCD481C3A04C}.Release|x86.Build.0 = Release|x86
		{C58DF713-6BB7-44E3-B0E2-C52694C85F56}.Debug|Any CPU.ActiveCfg = Debug|Any CPU
		{C58DF713-6BB7-44E3-B0E2-C52694C85F56}.Debug|Any CPU.Build.0 = Debug|Any CPU
		{C58DF713-6BB7-44E3-B0E2-C52694C85F56}.Debug|x86.ActiveCfg = Debug|x86
		{C58DF713-6BB7-44E3-B0E2-C52694C85F56}.Debug|x86.Build.0 = Debug|x86
		{C58DF713-6BB7-44E3-B0E2-C52694C85F56}.Release|Any CPU.ActiveCfg = Release|Any CPU
		{C58DF713-6BB7-44E3-B0E2-C52694C85F56}.Release|Any CPU.Build.0 = Release|Any CPU
		{C58DF713-6BB7-44E3-B0E2-C52694C85F56}.Release|x86.ActiveCfg = Release|x86
		{C58DF713-6BB7-44E3-B0E2-C52694C85F56}.Release|x86.Build.0 = Release|x86
		{ACEAAED8-1841-4C65-A03E-678A46456A2F}.Debug|Any CPU.ActiveCfg = Debug|Any CPU
		{ACEAAED8-1841-4C65-A03E-678A46456A2F}.Debug|Any CPU.Build.0 = Debug|Any CPU
		{ACEAAED8-1841-4C65-A03E-678A46456A2F}.Debug|x86.ActiveCfg = Debug|x86
		{ACEAAED8-1841-4C65-A03E-678A46456A2F}.Debug|x86.Build.0 = Debug|x86
		{ACEAAED8-1841-4C65-A03E-678A46456A2F}.Release|Any CPU.ActiveCfg = Release|Any CPU
		{ACEAAED8-1841-4C65-A03E-678A46456A2F}.Release|Any CPU.Build.0 = Release|Any CPU
		{ACEAAED8-1841-4C65-A03E-678A46456A2F}.Release|x86.ActiveCfg = Release|x86
		{ACEAAED8-1841-4C65-A03E-678A46456A2F}.Release|x86.Build.0 = Release|x86
		{17AD08C1-5E8C-4E49-9A35-1BF6B7C57377}.Debug|Any CPU.ActiveCfg = Debug|Any CPU
		{17AD08C1-5E8C-4E49-9A35-1BF6B7C57377}.Debug|Any CPU.Build.0 = Debug|Any CPU
		{17AD08C1-5E8C-4E49-9A35-1BF6B7C57377}.Debug|x86.ActiveCfg = Debug|x86
		{17AD08C1-5E8C-4E49-9A35-1BF6B7C57377}.Debug|x86.Build.0 = Debug|x86
		{17AD08C1-5E8C-4E49-9A35-1BF6B7C57377}.Release|Any CPU.ActiveCfg = Release|Any CPU
		{17AD08C1-5E8C-4E49-9A35-1BF6B7C57377}.Release|Any CPU.Build.0 = Release|Any CPU
		{17AD08C1-5E8C-4E49-9A35-1BF6B7C57377}.Release|x86.ActiveCfg = Release|x86
		{17AD08C1-5E8C-4E49-9A35-1BF6B7C57377}.Release|x86.Build.0 = Release|x86
	EndGlobalSection
	GlobalSection(SolutionProperties) = preSolution
		HideSolutionNode = FALSE
	EndGlobalSection
	GlobalSection(NestedProjects) = preSolution
		{4F11789F-AF07-445A-BFBE-54C9330E5F70} = {BFAF99A3-B862-4F27-AAB1-A9998BDDCF21}
		{ACEAAED8-1841-4C65-A03E-678A46456A2F} = {BFAF99A3-B862-4F27-AAB1-A9998BDDCF21}
		{17AD08C1-5E8C-4E49-9A35-1BF6B7C57377} = {BFAF99A3-B862-4F27-AAB1-A9998BDDCF21}
	EndGlobalSection
EndGlobal
